lockfileVersion: '9.0'

settings:
  autoInstallPeers: true
  excludeLinksFromLockfile: false

importers:

  .:
    dependencies:
      chalk:
        specifier: ^5.3.0
        version: 5.6.2
      fs-extra:
        specifier: ^11.2.0
        version: 11.3.5
      prompts:
        specifier: ^2.4.2
        version: 2.4.2
    devDependencies:
      '@biomejs/biome':
        specifier: 2.4.15
        version: 2.4.15
      '@types/fs-extra':
        specifier: ^11.0.4
        version: 11.0.4
      '@types/node':
        specifier: ^22.0.0
        version: 22.19.19
      '@types/prompts':
        specifier: ^2.4.9
        version: 2.4.9
      typescript:
        specifier: ^5.5.0
        version: 5.9.3

packages:

  '@biomejs/biome@2.4.15':
    resolution: {integrity: sha512-j5VH3a/h/HXTKBM50MDMxRCzkeLv9S2XJcW2WgnZT1+xyisi+0bISrXR82gCX+8S9lvK0skEvHJRN+3Ktr2hlw==}
    engines: {node: '>=14.21.3'}
    hasBin: true

  '@biomejs/cli-darwin-arm64@2.4.15':
    resolution: {integrity: sha512-rF3PPqLq1yoST79zaQbDjVJwsuIeci/O+9bgNmC5QpgOqz6aqYuzA4abyAGx+mgyiDXn4A049xAN8gijbuR1Qg==}
    engines: {node: '>=14.21.3'}
    cpu: [arm64]
    os: [darwin]

  '@biomejs/cli-darwin-x64@2.4.15':
    resolution: {integrity: sha512-/5KHXYMfSJs1fNXiX30xFtI8JcCFV6zaVVLxOa0M2sfqBKHkpQhRTv94yxQWxeTY2lzo2OuTlNvPC+hDQt2wcQ==}
    engines: {node: '>=14.21.3'}
    cpu: [x64]
    os: [darwin]

  '@biomejs/cli-linux-arm64-musl@2.4.15':
    resolution: {integrity: sha512-ZPcxznxm0pogHBLZhYntyR3sR+MrZjqJIKEr7ZqVen0Rl+P/4upVmfYXjftizi9RoqZntg33fv/1fbdhbYXpEQ==}
    engines: {node: '>=14.21.3'}
    cpu: [arm64]
    os: [linux]
    libc: [musl]

  '@biomejs/cli-linux-arm64@2.4.15':
    resolution: {integrity: sha512-owaAMZD/T4LrD0ELNCk0Km3qrRHuM0X6EAyVE1FSqGY0rbLoiDLrO4Us2tllm6cAeB2Ioa9C2C08NZPdr8+0Ug==}
    engines: {node: '>=14.21.3'}
    cpu: [arm64]
    os: [linux]
    libc: [glibc]

  '@biomejs/cli-linux-x64-musl@2.4.15':
    resolution: {integrity: sha512-CNq/9W38SYSH023lfcQ4KKU8K0YX8T//FZUhcgtMMRABDojx5XsMV7jlweAvGSl389wJQB29Qo6Zb/a+jdvt+w==}
    engines: {node: '>=14.21.3'}
    cpu: [x64]
    os: [linux]
    libc: [musl]

  '@biomejs/cli-linux-x64@2.4.15':
    resolution: {integrity: sha512-0jj7THz12GbUOLmMibktK6DZjqz2zV64KFxyBtcFTKPiiOIY0a7vns1elpO1dERvxpsZ5ik0oFfz0oGwFde1+g==}
    engines: {node: '>=14.21.3'}
    cpu: [x64]
    os: [linux]
    libc: [glibc]

  '@biomejs/cli-win32-arm64@2.4.15':
    resolution: {integrity: sha512-ouhkYdlhp/1GghEJPdWwD/Vi3gQ1nFxuSpMolWsbq3Lsq3QUR4jl6UdhhscdCugKU5vOEuMiJhvKj66O0OCq+w==}
    engines: {node: '>=14.21.3'}
    cpu: [arm64]
    os: [win32]

  '@biomejs/cli-win32-x64@2.4.15':
    resolution: {integrity: sha512-zBrGq5mx5wwpnow4+2BxUvleDM+GNd4sLbPaMapsSLQLD0NGRCquqPBTgN+7XkUteHvj7M+BstuI8tmnV7+HgQ==}
    engines: {node: '>=14.21.3'}
    cpu: [x64]
    os: [win32]

  '@types/fs-extra@11.0.4':
    resolution: {integrity: sha512-yTbItCNreRooED33qjunPthRcSjERP1r4MqCZc7wv0u2sUkzTFp45tgUfS5+r7FrZPdmCCNflLhVSP/o+SemsQ==}

  '@types/jsonfile@6.1.4':
    resolution: {integrity: sha512-D5qGUYwjvnNNextdU59/+fI+spnwtTFmyQP0h+PfIOSkNfpU6AOICUOkm4i0OnSk+NyjdPJrxCDro0sJsWlRpQ==}

  '@types/node@22.19.19':
    resolution: {integrity: sha512-dyh/xO2Fh5bYrfWaaqGrRQQGkNdmYw6AmaAUvYeUMNTWQtvb796ikLdmTchRmOlOiIJ1TDXfWgVx1QkUlQ6Hew==}

  '@types/prompts@2.4.9':
    resolution: {integrity: sha512-qTxFi6Buiu8+50/+3DGIWLHM6QuWsEKugJnnP6iv2Mc4ncxE4A/OJkjuVOA+5X0X1S/nq5VJRa8Lu+nwcvbrKA==}

  chalk@5.6.2:
    resolution: {integrity: sha512-7NzBL0rN6fMUW+f7A6Io4h40qQlG+xGmtMxfbnH/K7TAtt8JQWVQK+6g0UXKMeVJoyV5EkkNsErQ8pVD3bLHbA==}
    engines: {node: ^12.17.0 || ^14.13 || >=16.0.0}

  fs-extra@11.3.5:
    resolution: {integrity: sha512-eKpRKAovdpZtR1WopLHxlBWvAgPny3c4gX1G5Jhwmmw4XJj0ifSD5qB5TOo8hmA0wlRKDAOAhEE1yVPgs6Fgcg==}
    engines: {node: '>=14.14'}

  graceful-fs@4.2.11:
    resolution: {integrity: sha512-RbJ5/jmFcNNCcDV5o9eTnBLJ/HszWV0P73bc+Ff4nS/rJj+YaS6IGyiOL0VoBYX+l1Wrl3k63h/KrH+nhJ0XvQ==}

  jsonfile@6.2.1:
    resolution: {integrity: sha512-zwOTdL3rFQ/lRdBnntKVOX6k5cKJwEc1HdilT71BWEu7J41gXIB2MRp+vxduPSwZJPWBxEzv4yH1wYLJGUHX4Q==}

  kleur@3.0.3:
    resolution: {integrity: sha512-eTIzlVOSUR+JxdDFepEYcBMtZ9Qqdef+rnzWdRZuMbOywu5tO2w2N7rqjoANZ5k9vywhL6Br1VRjUIgTQx4E8w==}
    engines: {node: '>=6'}

  prompts@2.4.2:
    resolution: {integrity: sha512-NxNv/kLguCA7p3jE8oL2aEBsrJWgAakBpgmgK6lpPWV+WuOmY6r2/zbAVnP+T8bQlA0nzHXSJSJW0Hq7ylaD2Q==}
    engines: {node: '>= 6'}

  sisteransi@1.0.5:
    resolution: {integrity: sha512-bLGGlR1QxBcynn2d5YmDX4MGjlZvy2MRBDRNHLJ8VI6l6+9FUiyTFNJ0IveOSP0bcXgVDPRcfGqA0pjaqUpfVg==}

  typescript@5.9.3:
    resolution: {integrity: sha512-jl1vZzPDinLr9eUt3J/t7V6FgNEw9QjvBPdysz9KfQDD41fQrC2Y4vKQdiaUpFT4bXlb1RHhLpp8wtm6M5TgSw==}
    engines: {node: '>=14.17'}
    hasBin: true

  undici-types@6.21.0:
    resolution: {integrity: sha512-iwDZqg0QAGrg9Rav5H4n0M64c3mkR59cJ6wQp+7C4nI0gsmExaedaYLNO44eT4AtBBwjbTiGPMlt2Md0T9H9JQ==}

  universalify@2.0.1:
    resolution: {integrity: sha512-gptHNQghINnc/vTGIk0SOFGFNXw7JVrlRUtConJRlvaw6DuX0wO5Jeko9sWrMBhh+PsYAZ7oXAiOnf/UKogyiw==}
    engines: {node: '>= 10.0.0'}

snapshots:

  '@biomejs/biome@2.4.15':
    optionalDependencies:
      '@biomejs/cli-darwin-arm64': 2.4.15
      '@biomejs/cli-darwin-x64': 2.4.15
      '@biomejs/cli-linux-arm64': 2.4.15
      '@biomejs/cli-linux-arm64-musl': 2.4.15
      '@biomejs/cli-linux-x64': 2.4.15
      '@biomejs/cli-linux-x64-musl': 2.4.15
      '@biomejs/cli-win32-arm64': 2.4.15
      '@biomejs/cli-win32-x64': 2.4.15

  '@biomejs/cli-darwin-arm64@2.4.15':
    optional: true

  '@biomejs/cli-darwin-x64@2.4.15':
    optional: true

  '@biomejs/cli-linux-arm64-musl@2.4.15':
    optional: true

  '@biomejs/cli-linux-arm64@2.4.15':
    optional: true

  '@biomejs/cli-linux-x64-musl@2.4.15':
    optional: true

  '@biomejs/cli-linux-x64@2.4.15':
    optional: true

  '@biomejs/cli-win32-arm64@2.4.15':
    optional: true

  '@biomejs/cli-win32-x64@2.4.15':
    optional: true

  '@types/fs-extra@11.0.4':
    dependencies:
      '@types/jsonfile': 6.1.4
      '@types/node': 22.19.19

  '@types/jsonfile@6.1.4':
    dependencies:
      '@types/node': 22.19.19

  '@types/node@22.19.19':
    dependencies:
      undici-types: 6.21.0

  '@types/prompts@2.4.9':
    dependencies:
      '@types/node': 22.19.19
      kleur: 3.0.3

  chalk@5.6.2: {}

  fs-extra@11.3.5:
    dependencies:
      graceful-fs: 4.2.11
      jsonfile: 6.2.1
      universalify: 2.0.1

  graceful-fs@4.2.11: {}

  jsonfile@6.2.1:
    dependencies:
      universalify: 2.0.1
    optionalDependencies:
      graceful-fs: 4.2.11

  kleur@3.0.3: {}

  prompts@2.4.2:
    dependencies:
      kleur: 3.0.3
      sisteransi: 1.0.5

  sisteransi@1.0.5: {}

  typescript@5.9.3: {}

  undici-types@6.21.0: {}

  universalify@2.0.1: {}
